
Microsoft Visual Studio Solution File, Format Version 12.00
# Visual Studio 2015
Project("{FAE04EC0-301F-11D3-BF4B-00C04F79EFBC}") = "coursera - Super Sparty Bros.CSharp.Plugins", "coursera - Super Sparty Bros.CSharp.Plugins.csproj", "{D21080AE-E6E4-CF34-1947-7D4C9AD50AA0}"
EndProject
Project("{FAE04EC0-301F-11D3-BF4B-00C04F79EFBC}") = "coursera - Super Sparty Bros.CSharp", "coursera - Super Sparty Bros.CSharp.csproj", "{EEB19D70-B62A-5217-6083-7783F7D6E57A}"
EndProject
Project("{FAE04EC0-301F-11D3-BF4B-00C04F79EFBC}") = "coursera - Super Sparty Bros.CSharp.Editor", "coursera - Super Sparty Bros.CSharp.Editor.csproj", "{97DB170D-13C1-A5CB-426D-0C4AB22AD728}"
EndProject
Global
	GlobalSection(SolutionConfigurationPlatforms) = preSolution
		Debug|Any CPU = Debug|Any CPU
		Release|Any CPU = Release|Any CPU
	EndGlobalSection
	GlobalSection(ProjectConfigurationPlatforms) = postSolution
		{D21080AE-E6E4-CF34-1947-7D4C9AD50AA0}.Debug|Any CPU.ActiveCfg = Debug|Any CPU
		{D21080AE-E6E4-CF34-1947-7D4C9AD50AA0}.Debug|Any CPU.Build.0 = Debug|Any CPU
		{D21080AE-E6E4-CF34-1947-7D4C9AD50AA0}.Release|Any CPU.ActiveCfg = Release|Any CPU
		{D21080AE-E6E4-CF34-1947-7D4C9AD50AA0}.Release|Any CPU.Build.0 = Release|Any CPU
		{EEB19D70-B62A-5217-6083-7783F7D6E57A}.Debug|Any CPU.ActiveCfg = Debug|Any CPU
		{EEB19D70-B62A-5217-6083-7783F7D6E57A}.Debug|Any CPU.Build.0 = Debug|Any CPU
		{EEB19D70-B62A-5217-6083-7783F7D6E57A}.Release|Any CPU.ActiveCfg = Release|Any CPU
		{EEB19D70-B62A-5217-6083-7783F7D6E57A}.Release|Any CPU.Build.0 = Release|Any CPU
		{97DB170D-13C1-A5CB-426D-0C4AB22AD728}.Debug|Any CPU.ActiveCfg = Debug|Any CPU
		{97DB170D-13C1-A5CB-426D-0C4AB22AD728}.Debug|Any CPU.Build.0 = Debug|Any CPU
		{97DB170D-13C1-A5CB-426D-0C4AB22AD728}.Release|Any CPU.ActiveCfg = Release|Any CPU
		{97DB170D-13C1-A5CB-426D-0C4AB22AD728}.Release|Any CPU.Build.0 = Release|Any CPU
	EndGlobalSection
	GlobalSection(SolutionProperties) = preSolution
		HideSolutionNode = FALSE
	EndGlobalSection
EndGlobal
